// !$*UTF8*$!
{
	archiveVersion = 1;
	classes = {
	};
	objectVersion = 56;
	objects = {

/* Begin PBXBuildFile section */
		60E2CD412C4907D4005AE911 /* AppDelegate.swift in Sources */ = {isa = PBXBuildFile; fileRef = 60E2CD402C4907D4005AE911 /* AppDelegate.swift */; };
		60E2CD432C4907D4005AE911 /* SceneDelegate.swift in Sources */ = {isa = PBXBuildFile; fileRef = 60E2CD422C4907D4005AE911 /* SceneDelegate.swift */; };
		60E2CD452C4907D4005AE911 /* HomeViewController.swift in Sources */ = {isa = PBXBuildFile; fileRef = 60E2CD442C4907D4005AE911 /* HomeViewController.swift */; };
		60E2CD482C4907D4005AE911 /* Base in Resources */ = {isa = PBXBuildFile; fileRef = 60E2CD472C4907D4005AE911 /* Base */; };
		60E2CD4A2C4907D6005AE911 /* Assets.xcassets in Resources */ = {isa = PBXBuildFile; fileRef = 60E2CD492C4907D6005AE911 /* Assets.xcassets */; };
		60E2CD4D2C4907D6005AE911 /* Base in Resources */ = {isa = PBXBuildFile; fileRef = 60E2CD4C2C4907D6005AE911 /* Base */; };
		60E2CD582C4907D6005AE911 /* DogShowTests.swift in Sources */ = {isa = PBXBuildFile; fileRef = 60E2CD572C4907D6005AE911 /* DogShowTests.swift */; };
		60E2CD622C4907D6005AE911 /* DogShowUITests.swift in Sources */ = {isa = PBXBuildFile; fileRef = 60E2CD612C4907D6005AE911 /* DogShowUITests.swift */; };
		60E2CD642C4907D6005AE911 /* DogShowUITestsLaunchTests.swift in Sources */ = {isa = PBXBuildFile; fileRef = 60E2CD632C4907D6005AE911 /* DogShowUITestsLaunchTests.swift */; };
		60E2CD742C490A52005AE911 /* ListViewController.swift in Sources */ = {isa = PBXBuildFile; fileRef = 60E2CD732C490A52005AE911 /* ListViewController.swift */; };
		60E2CD762C490A89005AE911 /* LoadingImageView.swift in Sources */ = {isa = PBXBuildFile; fileRef = 60E2CD752C490A89005AE911 /* LoadingImageView.swift */; };
		60E2CD782C490AAF005AE911 /* UITextField+Extensions.swift in Sources */ = {isa = PBXBuildFile; fileRef = 60E2CD772C490AAF005AE911 /* UITextField+Extensions.swift */; };
		60E2CD7A2C490ACB005AE911 /* PetCell.swift in Sources */ = {isa = PBXBuildFile; fileRef = 60E2CD792C490ACB005AE911 /* PetCell.swift */; };
		60E2CD7D2C490B06005AE911 /* MyDogImageLibrarySPM in Frameworks */ = {isa = PBXBuildFile; productRef = 60E2CD7C2C490B06005AE911 /* MyDogImageLibrarySPM */; };
		60E2CD7F2C49654D005AE911 /* MockDogImageLibrary.swift in Sources */ = {isa = PBXBuildFile; fileRef = 60E2CD7E2C49654D005AE911 /* MockDogImageLibrary.swift */; };
/* End PBXBuildFile section */

/* Begin PBXContainerItemProxy section */
		60E2CD542C4907D6005AE911 /* PBXContainerItemProxy */ = {
			isa = PBXContainerItemProxy;
			containerPortal = 60E2CD352C4907D4005AE911 /* Project object */;
			proxyType = 1;
			remoteGlobalIDString = 60E2CD3C2C4907D4005AE911;
			remoteInfo = DogShow;
		};
		60E2CD5E2C4907D6005AE911 /* PBXContainerItemProxy */ = {
			isa = PBXContainerItemProxy;
			containerPortal = 60E2CD352C4907D4005AE911 /* Project object */;
			proxyType = 1;
			remoteGlobalIDString = 60E2CD3C2C4907D4005AE911;
			remoteInfo = DogShow;
		};
/* End PBXContainerItemProxy section */

/* Begin PBXFileReference section */
		60E2CD3D2C4907D4005AE911 /* DogShow.app */ = {isa = PBXFileReference; explicitFileType = wrapper.application; includeInIndex = 0; path = DogShow.app; sourceTree = BUILT_PRODUCTS_DIR; };
		60E2CD402C4907D4005AE911 /* AppDelegate.swift */ = {isa = PBXFileReference; lastKnownFileType = sourcecode.swift; path = AppDelegate.swift; sourceTree = "<group>"; };
		60E2CD422C4907D4005AE911 /* SceneDelegate.swift */ = {isa = PBXFileReference; lastKnownFileType = sourcecode.swift; path = SceneDelegate.swift; sourceTree = "<group>"; };
		60E2CD442C4907D4005AE911 /* HomeViewController.swift */ = {isa = PBXFileReference; lastKnownFileType = sourcecode.swift; path = HomeViewController.swift; sourceTree = "<group>"; };
		60E2CD472C4907D4005AE911 /* Base */ = {isa = PBXFileReference; lastKnownFileType = file.storyboard; name = Base; path = Base.lproj/Main.storyboard; sourceTree = "<group>"; };
		60E2CD492C4907D6005AE911 /* Assets.xcassets */ = {isa = PBXFileReference; lastKnownFileType = folder.assetcatalog; path = Assets.xcassets; sourceTree = "<group>"; };
		60E2CD4C2C4907D6005AE911 /* Base */ = {isa = PBXFileReference; lastKnownFileType = file.storyboard; name = Base; path = Base.lproj/LaunchScreen.storyboard; sourceTree = "<group>"; };
		60E2CD4E2C4907D6005AE911 /* Info.plist */ = {isa = PBXFileReference; lastKnownFileType = text.plist.xml; path = Info.plist; sourceTree = "<group>"; };
		60E2CD532C4907D6005AE911 /* DogShowTests.xctest */ = {isa = PBXFileReference; explicitFileType = wrapper.cfbundle; includeInIndex = 0; path = DogShowTests.xctest; sourceTree = BUILT_PRODUCTS_DIR; };
		60E2CD572C4907D6005AE911 /* DogShowTests.swift */ = {isa = PBXFileReference; lastKnownFileType = sourcecode.swift; path = DogShowTests.swift; sourceTree = "<group>"; };
		60E2CD5D2C4907D6005AE911 /* DogShowUITests.xctest */ = {isa = PBXFileReference; explicitFileType = wrapper.cfbundle; includeInIndex = 0; path = DogShowUITests.xctest; sourceTree = BUILT_PRODUCTS_DIR; };
		60E2CD612C4907D6005AE911 /* DogShowUITests.swift */ = {isa = PBXFileReference; lastKnownFileType = sourcecode.swift; path = DogShowUITests.swift; sourceTree = "<group>"; };
		60E2CD632C4907D6005AE911 /* DogShowUITestsLaunchTests.swift */ = {isa = PBXFileReference; lastKnownFileType = sourcecode.swift; path = DogShowUITestsLaunchTests.swift; sourceTree = "<group>"; };
		60E2CD732C490A52005AE911 /* ListViewController.swift */ = {isa = PBXFileReference; lastKnownFileType = sourcecode.swift; path = ListViewController.swift; sourceTree = "<group>"; };
		60E2CD752C490A89005AE911 /* LoadingImageView.swift */ = {isa = PBXFileReference; lastKnownFileType = sourcecode.swift; path = LoadingImageView.swift; sourceTree = "<group>"; };
		60E2CD772C490AAF005AE911 /* UITextField+Extensions.swift */ = {isa = PBXFileReference; lastKnownFileType = sourcecode.swift; path = "UITextField+Extensions.swift"; sourceTree = "<group>"; };
		60E2CD792C490ACB005AE911 /* PetCell.swift */ = {isa = PBXFileReference; lastKnownFileType = sourcecode.swift; path = PetCell.swift; sourceTree = "<group>"; };
		60E2CD7E2C49654D005AE911 /* MockDogImageLibrary.swift */ = {isa = PBXFileReference; lastKnownFileType = sourcecode.swift; path = MockDogImageLibrary.swift; sourceTree = "<group>"; };
/* End PBXFileReference section */

/* Begin PBXFrameworksBuildPhase section */
		60E2CD3A2C4907D4005AE911 /* Frameworks */ = {
			isa = PBXFrameworksBuildPhase;
			buildActionMask = 2147483647;
			files = (
				60E2CD7D2C490B06005AE911 /* MyDogImageLibrarySPM in Frameworks */,
			);
			runOnlyForDeploymentPostprocessing = 0;
		};
		60E2CD502C4907D6005AE911 /* Frameworks */ = {
			isa = PBXFrameworksBuildPhase;
			buildActionMask = 2147483647;
			files = (
			);
			runOnlyForDeploymentPostprocessing = 0;
		};
		60E2CD5A2C4907D6005AE911 /* Frameworks */ = {
			isa = PBXFrameworksBuildPhase;
			buildActionMask = 2147483647;
			files = (
			);
			runOnlyForDeploymentPostprocessing = 0;
		};
/* End PBXFrameworksBuildPhase section */

/* Begin PBXGroup section */
		60E2CD342C4907D4005AE911 = {
			isa = PBXGroup;
			children = (
				60E2CD3F2C4907D4005AE911 /* DogShow */,
				60E2CD562C4907D6005AE911 /* DogShowTests */,
				60E2CD602C4907D6005AE911 /* DogShowUITests */,
				60E2CD3E2C4907D4005AE911 /* Products */,
			);
			sourceTree = "<group>";
		};
		60E2CD3E2C4907D4005AE911 /* Products */ = {
			isa = PBXGroup;
			children = (
				60E2CD3D2C4907D4005AE911 /* DogShow.app */,
				60E2CD532C4907D6005AE911 /* DogShowTests.xctest */,
				60E2CD5D2C4907D6005AE911 /* DogShowUITests.xctest */,
			);
			name = Products;
			sourceTree = "<group>";
		};
		60E2CD3F2C4907D4005AE911 /* DogShow */ = {
			isa = PBXGroup;
			children = (
				60E2CD402C4907D4005AE911 /* AppDelegate.swift */,
				60E2CD422C4907D4005AE911 /* SceneDelegate.swift */,
				60E2CD722C4909CA005AE911 /* Helpers */,
				60E2CD712C4909BD005AE911 /* View */,
				60E2CD702C490933005AE911 /* Controller */,
				60E2CD462C4907D4005AE911 /* Main.storyboard */,
				60E2CD492C4907D6005AE911 /* Assets.xcassets */,
				60E2CD4B2C4907D6005AE911 /* LaunchScreen.storyboard */,
				60E2CD4E2C4907D6005AE911 /* Info.plist */,
			);
			path = DogShow;
			sourceTree = "<group>";
		};
		60E2CD562C4907D6005AE911 /* DogShowTests */ = {
			isa = PBXGroup;
			children = (
				60E2CD572C4907D6005AE911 /* DogShowTests.swift */,
				60E2CD7E2C49654D005AE911 /* MockDogImageLibrary.swift */,
			);
			path = DogShowTests;
			sourceTree = "<group>";
		};
		60E2CD602C4907D6005AE911 /* DogShowUITests */ = {
			isa = PBXGroup;
			children = (
				60E2CD612C4907D6005AE911 /* DogShowUITests.swift */,
				60E2CD632C4907D6005AE911 /* DogShowUITestsLaunchTests.swift */,
			);
			path = DogShowUITests;
			sourceTree = "<group>";
		};
		60E2CD702C490933005AE911 /* Controller */ = {
			isa = PBXGroup;
			children = (
				60E2CD442C4907D4005AE911 /* HomeViewController.swift */,
				60E2CD732C490A52005AE911 /* ListViewController.swift */,
			);
			path = Controller;
			sourceTree = "<group>";
		};
		60E2CD712C4909BD005AE911 /* View */ = {
			isa = PBXGroup;
			children = (
				60E2CD792C490ACB005AE911 /* PetCell.swift */,
			);
			path = View;
			sourceTree = "<group>";
		};
		60E2CD722C4909CA005AE911 /* Helpers */ = {
			isa = PBXGroup;
			children = (
				60E2CD752C490A89005AE911 /* LoadingImageView.swift */,
				60E2CD772C490AAF005AE911 /* UITextField+Extensions.swift */,
			);
			path = Helpers;
			sourceTree = "<group>";
		};
/* End PBXGroup section */

/* Begin PBXNativeTarget section */
		60E2CD3C2C4907D4005AE911 /* DogShow */ = {
			isa = PBXNativeTarget;
			buildConfigurationList = 60E2CD672C4907D6005AE911 /* Build configuration list for PBXNativeTarget "DogShow" */;
			buildPhases = (
				60E2CD392C4907D4005AE911 /* Sources */,
				60E2CD3A2C4907D4005AE911 /* Frameworks */,
				60E2CD3B2C4907D4005AE911 /* Resources */,
			);
			buildRules = (
			);
			dependencies = (
			);
			name = DogShow;
			packageProductDependencies = (
				60E2CD7C2C490B06005AE911 /* MyDogImageLibrarySPM */,
			);
			productName = DogShow;
			productReference = 60E2CD3D2C4907D4005AE911 /* DogShow.app */;
			productType = "com.apple.product-type.application";
		};
		60E2CD522C4907D6005AE911 /* DogShowTests */ = {
			isa = PBXNativeTarget;
			buildConfigurationList = 60E2CD6A2C4907D6005AE911 /* Build configuration list for PBXNativeTarget "DogShowTests" */;
			buildPhases = (
				60E2CD4F2C4907D6005AE911 /* Sources */,
				60E2CD502C4907D6005AE911 /* Frameworks */,
				60E2CD512C4907D6005AE911 /* Resources */,
			);
			buildRules = (
			);
			dependencies = (
				60E2CD552C4907D6005AE911 /* PBXTargetDependency */,
			);
			name = DogShowTests;
			productName = DogShowTests;
			productReference = 60E2CD532C4907D6005AE911 /* DogShowTests.xctest */;
			productType = "com.apple.product-type.bundle.unit-test";
		};
		60E2CD5C2C4907D6005AE911 /* DogShowUITests */ = {
			isa = PBXNativeTarget;
			buildConfigurationList = 60E2CD6D2C4907D6005AE911 /* Build configuration list for PBXNativeTarget "DogShowUITests" */;
			buildPhases = (
				60E2CD592C4907D6005AE911 /* Sources */,
				60E2CD5A2C4907D6005AE911 /* Frameworks */,
				60E2CD5B2C4907D6005AE911 /* Resources */,
			);
			buildRules = (
			);
			dependencies = (
				60E2CD5F2C4907D6005AE911 /* PBXTargetDependency */,
			);
			name = DogShowUITests;
			productName = DogShowUITests;
			productReference = 60E2CD5D2C4907D6005AE911 /* DogShowUITests.xctest */;
			productType = "com.apple.product-type.bundle.ui-testing";
		};
/* End PBXNativeTarget section */

/* Begin PBXProject section */
		60E2CD352C4907D4005AE911 /* Project object */ = {
			isa = PBXProject;
			attributes = {
				BuildIndependentTargetsInParallel = 1;
				LastSwiftUpdateCheck = 1530;
				LastUpgradeCheck = 1530;
				TargetAttributes = {
					60E2CD3C2C4907D4005AE911 = {
						CreatedOnToolsVersion = 15.3;
					};
					60E2CD522C4907D6005AE911 = {
						CreatedOnToolsVersion = 15.3;
						TestTargetID = 60E2CD3C2C4907D4005AE911;
					};
					60E2CD5C2C4907D6005AE911 = {
						CreatedOnToolsVersion = 15.3;
						TestTargetID = 60E2CD3C2C4907D4005AE911;
					};
				};
			};
			buildConfigurationList = 60E2CD382C4907D4005AE911 /* Build configuration list for PBXProject "DogShow" */;
			compatibilityVersion = "Xcode 14.0";
			developmentRegion = en;
			hasScannedForEncodings = 0;
			knownRegions = (
				en,
				Base,
			);
			mainGroup = 60E2CD342C4907D4005AE911;
			packageReferences = (
				60E2CD7B2C490B06005AE911 /* XCRemoteSwiftPackageReference "MyDogImagePackageLibrary" */,
			);
			productRefGroup = 60E2CD3E2C4907D4005AE911 /* Products */;
			projectDirPath = "";
			projectRoot = "";
			targets = (
				60E2CD3C2C4907D4005AE911 /* DogShow */,
				60E2CD522C4907D6005AE911 /* DogShowTests */,
				60E2CD5C2C4907D6005AE911 /* DogShowUITests */,
			);
		};
/* End PBXProject section */

/* Begin PBXResourcesBuildPhase section */
		60E2CD3B2C4907D4005AE911 /* Resources */ = {
			isa = PBXResourcesBuildPhase;
			buildActionMask = 2147483647;
			files = (
				60E2CD4A2C4907D6005AE911 /* Assets.xcassets in Resources */,
				60E2CD4D2C4907D6005AE911 /* Base in Resources */,
				60E2CD482C4907D4005AE911 /* Base in Resources */,
			);
			runOnlyForDeploymentPostprocessing = 0;
		};
		60E2CD512C4907D6005AE911 /* Resources */ = {
			isa = PBXResourcesBuildPhase;
			buildActionMask = 2147483647;
			files = (
			);
			runOnlyForDeploymentPostprocessing = 0;
		};
		60E2CD5B2C4907D6005AE911 /* Resources */ = {
			isa = PBXResourcesBuildPhase;
			buildActionMask = 2147483647;
			files = (
			);
			runOnlyForDeploymentPostprocessing = 0;
		};
/* End PBXResourcesBuildPhase section */

/* Begin PBXSourcesBuildPhase section */
		60E2CD392C4907D4005AE911 /* Sources */ = {
			isa = PBXSourcesBuildPhase;
			buildActionMask = 2147483647;
			files = (
				60E2CD762C490A89005AE911 /* LoadingImageView.swift in Sources */,
				60E2CD452C4907D4005AE911 /* HomeViewController.swift in Sources */,
				60E2CD412C4907D4005AE911 /* AppDelegate.swift in Sources */,
				60E2CD782C490AAF005AE911 /* UITextField+Extensions.swift in Sources */,
				60E2CD7A2C490ACB005AE911 /* PetCell.swift in Sources */,
				60E2CD742C490A52005AE911 /* ListViewController.swift in Sources */,
				60E2CD432C4907D4005AE911 /* SceneDelegate.swift in Sources */,
			);
			runOnlyForDeploymentPostprocessing = 0;
		};
		60E2CD4F2C4907D6005AE911 /* Sources */ = {
			isa = PBXSourcesBuildPhase;
			buildActionMask = 2147483647;
			files = (
				60E2CD7F2C49654D005AE911 /* MockDogImageLibrary.swift in Sources */,
				60E2CD582C4907D6005AE911 /* DogShowTests.swift in Sources */,
			);
			runOnlyForDeploymentPostprocessing = 0;
		};
		60E2CD592C4907D6005AE911 /* Sources */ = {
			isa = PBXSourcesBuildPhase;
			buildActionMask = 2147483647;
			files = (
				60E2CD642C4907D6005AE911 /* DogShowUITestsLaunchTests.swift in Sources */,
				60E2CD622C4907D6005AE911 /* DogShowUITests.swift in Sources */,
			);
			runOnlyForDeploymentPostprocessing = 0;
		};
/* End PBXSourcesBuildPhase section */

/* Begin PBXTargetDependency section */
		60E2CD552C4907D6005AE911 /* PBXTargetDependency */ = {
			isa = PBXTargetDependency;
			target = 60E2CD3C2C4907D4005AE911 /* DogShow */;
			targetProxy = 60E2CD542C4907D6005AE911 /* PBXContainerItemProxy */;
		};
		60E2CD5F2C4907D6005AE911 /* PBXTargetDependency */ = {
			isa = PBXTargetDependency;
			target = 60E2CD3C2C4907D4005AE911 /* DogShow */;
			targetProxy = 60E2CD5E2C4907D6005AE911 /* PBXContainerItemProxy */;
		};
/* End PBXTargetDependency section */

/* Begin PBXVariantGroup section */
		60E2CD462C4907D4005AE911 /* Main.storyboard */ = {
			isa = PBXVariantGroup;
			children = (
				60E2CD472C4907D4005AE911 /* Base */,
			);
			name = Main.storyboard;
			sourceTree = "<group>";
		};
		60E2CD4B2C4907D6005AE911 /* LaunchScreen.storyboard */ = {
			isa = PBXVariantGroup;
			children = (
				60E2CD4C2C4907D6005AE911 /* Base */,
			);
			name = LaunchScreen.storyboard;
			sourceTree = "<group>";
		};
/* End PBXVariantGroup section */

/* Begin XCBuildConfiguration section */
		60E2CD652C4907D6005AE911 /* Debug */ = {
			isa = XCBuildConfiguration;
			buildSettings = {
				ALWAYS_SEARCH_USER_PATHS = NO;
				ASSETCATALOG_COMPILER_GENERATE_SWIFT_ASSET_SYMBOL_EXTENSIONS = YES;
				CLANG_ANALYZER_NONNULL = YES;
				CLANG_ANALYZER_NUMBER_OBJECT_CONVERSION = YES_AGGRESSIVE;
				CLANG_CXX_LANGUAGE_STANDARD = "gnu++20";
				CLANG_ENABLE_MODULES = YES;
				CLANG_ENABLE_OBJC_ARC = YES;
				CLANG_ENABLE_OBJC_WEAK = YES;
				CLANG_WARN_BLOCK_CAPTURE_AUTORELEASING = YES;
				CLANG_WARN_BOOL_CONVERSION = YES;
				CLANG_WARN_COMMA = YES;
				CLANG_WARN_CONSTANT_CONVERSION = YES;
				CLANG_WARN_DEPRECATED_OBJC_IMPLEMENTATIONS = YES;
				CLANG_WARN_DIRECT_OBJC_ISA_USAGE = YES_ERROR;
				CLANG_WARN_DOCUMENTATION_COMMENTS = YES;
				CLANG_WARN_EMPTY_BODY = YES;
				CLANG_WARN_ENUM_CONVERSION = YES;
				CLANG_WARN_INFINITE_RECURSION = YES;
				CLANG_WARN_INT_CONVERSION = YES;
				CLANG_WARN_NON_LITERAL_NULL_CONVERSION = YES;
				CLANG_WARN_OBJC_IMPLICIT_RETAIN_SELF = YES;
				CLANG_WARN_OBJC_LITERAL_CONVERSION = YES;
				CLANG_WARN_OBJC_ROOT_CLASS = YES_ERROR;
				CLANG_WARN_QUOTED_INCLUDE_IN_FRAMEWORK_HEADER = YES;
				CLANG_WARN_RANGE_LOOP_ANALYSIS = YES;
				CLANG_WARN_STRICT_PROTOTYPES = YES;
				CLANG_WARN_SUSPICIOUS_MOVE = YES;
				CLANG_WARN_UNGUARDED_AVAILABILITY = YES_AGGRESSIVE;
				CLANG_WARN_UNREACHABLE_CODE = YES;
				CLANG_WARN__DUPLICATE_METHOD_MATCH = YES;
				COPY_PHASE_STRIP = NO;
				DEBUG_INFORMATION_FORMAT = dwarf;
				ENABLE_STRICT_OBJC_MSGSEND = YES;
				ENABLE_TESTABILITY = YES;
				ENABLE_USER_SCRIPT_SANDBOXING = YES;
				GCC_C_LANGUAGE_STANDARD = gnu17;
				GCC_DYNAMIC_NO_PIC = NO;
				GCC_NO_COMMON_BLOCKS = YES;
				GCC_OPTIMIZATION_LEVEL = 0;
				GCC_PREPROCESSOR_DEFINITIONS = (
					"DEBUG=1",
					"$(inherited)",
				);
				GCC_WARN_64_TO_32_BIT_CONVERSION = YES;
				GCC_WARN_ABOUT_RETURN_TYPE = YES_ERROR;
				GCC_WARN_UNDECLARED_SELECTOR = YES;
				GCC_WARN_UNINITIALIZED_AUTOS = YES_AGGRESSIVE;
				GCC_WARN_UNUSED_FUNCTION = YES;
				GCC_WARN_UNUSED_VARIABLE = YES;
				IPHONEOS_DEPLOYMENT_TARGET = 15;
				LOCALIZATION_PREFERS_STRING_CATALOGS = YES;
				MTL_ENABLE_DEBUG_INFO = INCLUDE_SOURCE;
				MTL_FAST_MATH = YES;
				ONLY_ACTIVE_ARCH = YES;
				SDKROOT = iphoneos;
				SWIFT_ACTIVE_COMPILATION_CONDITIONS = "DEBUG $(inherited)";
				SWIFT_OPTIMIZATION_LEVEL = "-Onone";
			};
			name = Debug;
		};
		60E2CD662C4907D6005AE911 /* Release */ = {
			isa = XCBuildConfiguration;
			buildSettings = {
				ALWAYS_SEARCH_USER_PATHS = NO;
				ASSETCATALOG_COMPILER_GENERATE_SWIFT_ASSET_SYMBOL_EXTENSIONS = YES;
				CLANG_ANALYZER_NONNULL = YES;
				CLANG_ANALYZER_NUMBER_OBJECT_CONVERSION = YES_AGGRESSIVE;
				CLANG_CXX_LANGUAGE_STANDARD = "gnu++20";
				CLANG_ENABLE_MODULES = YES;
				CLANG_ENABLE_OBJC_ARC = YES;
				CLANG_ENABLE_OBJC_WEAK = YES;
				CLANG_WARN_BLOCK_CAPTURE_AUTORELEASING = YES;
				CLANG_WARN_BOOL_CONVERSION = YES;
				CLANG_WARN_COMMA = YES;
				CLANG_WARN_CONSTANT_CONVERSION = YES;
				CLANG_WARN_DEPRECATED_OBJC_IMPLEMENTATIONS = YES;
				CLANG_WARN_DIRECT_OBJC_ISA_USAGE = YES_ERROR;
				CLANG_WARN_DOCUMENTATION_COMMENTS = YES;
				CLANG_WARN_EMPTY_BODY = YES;
				CLANG_WARN_ENUM_CONVERSION = YES;
				CLANG_WARN_INFINITE_RECURSION = YES;
				CLANG_WARN_INT_CONVERSION = YES;
				CLANG_WARN_NON_LITERAL_NULL_CONVERSION = YES;
				CLANG_WARN_OBJC_IMPLICIT_RETAIN_SELF = YES;
				CLANG_WARN_OBJC_LITERAL_CONVERSION = YES;
				CLANG_WARN_OBJC_ROOT_CLASS = YES_ERROR;
				CLANG_WARN_QUOTED_INCLUDE_IN_FRAMEWORK_HEADER = YES;
				CLANG_WARN_RANGE_LOOP_ANALYSIS = YES;
				CLANG_WARN_STRICT_PROTOTYPES = YES;
				CLANG_WARN_SUSPICIOUS_MOVE = YES;
				CLANG_WARN_UNGUARDED_AVAILABILITY = YES_AGGRESSIVE;
				CLANG_WARN_UNREACHABLE_CODE = YES;
				CLANG_WARN__DUPLICATE_METHOD_MATCH = YES;
				COPY_PHASE_STRIP = NO;
				DEBUG_INFORMATION_FORMAT = "dwarf-with-dsym";
				ENABLE_NS_ASSERTIONS = NO;
				ENABLE_STRICT_OBJC_MSGSEND = YES;
				ENABLE_USER_SCRIPT_SANDBOXING = YES;
				GCC_C_LANGUAGE_STANDARD = gnu17;
				GCC_NO_COMMON_BLOCKS = YES;
				GCC_WARN_64_TO_32_BIT_CONVERSION = YES;
				GCC_WARN_ABOUT_RETURN_TYPE = YES_ERROR;
				GCC_WARN_UNDECLARED_SELECTOR = YES;
				GCC_WARN_UNINITIALIZED_AUTOS = YES_AGGRESSIVE;
				GCC_WARN_UNUSED_FUNCTION = YES;
				GCC_WARN_UNUSED_VARIABLE = YES;
				IPHONEOS_DEPLOYMENT_TARGET = 15;
				LOCALIZATION_PREFERS_STRING_CATALOGS = YES;
				MTL_ENABLE_DEBUG_INFO = NO;
				MTL_FAST_MATH = YES;
				SDKROOT = iphoneos;
				SWIFT_COMPILATION_MODE = wholemodule;
				VALIDATE_PRODUCT = YES;
			};
			name = Release;
		};
		60E2CD682C4907D6005AE911 /* Debug */ = {
			isa = XCBuildConfiguration;
			buildSettings = {
				ASSETCATALOG_COMPILER_APPICON_NAME = AppIcon;
				ASSETCATALOG_COMPILER_GLOBAL_ACCENT_COLOR_NAME = AccentColor;
				CODE_SIGN_STYLE = Automatic;
				CURRENT_PROJECT_VERSION = 1;
				DEVELOPMENT_TEAM = 24RH386RN6;
				GENERATE_INFOPLIST_FILE = YES;
				INFOPLIST_FILE = DogShow/Info.plist;
				INFOPLIST_KEY_CFBundleDisplayName = "Dog Show";
				INFOPLIST_KEY_UIApplicationSupportsIndirectInputEvents = YES;
				INFOPLIST_KEY_UILaunchStoryboardName = LaunchScreen;
				INFOPLIST_KEY_UIMainStoryboardFile = Main;
				INFOPLIST_KEY_UIStatusBarStyle = "";
				INFOPLIST_KEY_UISupportedInterfaceOrientations = UIInterfaceOrientationPortrait;
				INFOPLIST_KEY_UISupportedInterfaceOrientations_iPad = "UIInterfaceOrientationLandscapeLeft UIInterfaceOrientationLandscapeRight UIInterfaceOrientationPortrait UIInterfaceOrientationPortraitUpsideDown";
				IPHONEOS_DEPLOYMENT_TARGET = 15;
				LD_RUNPATH_SEARCH_PATHS = (
					"$(inherited)",
					"@executable_path/Frameworks",
				);
				MARKETING_VERSION = 1.0;
				PRODUCT_BUNDLE_IDENTIFIER = com.pluralsight.DogShow;
				PRODUCT_NAME = "$(TARGET_NAME)";
				SWIFT_EMIT_LOC_STRINGS = YES;
				SWIFT_VERSION = 5.0;
				TARGETED_DEVICE_FAMILY = "1,2";
			};
			name = Debug;
		};
		60E2CD692C4907D6005AE911 /* Release */ = {
			isa = XCBuildConfiguration;
			buildSettings = {
				ASSETCATALOG_COMPILER_APPICON_NAME = AppIcon;
				ASSETCATALOG_COMPILER_GLOBAL_ACCENT_COLOR_NAME = AccentColor;
				CODE_SIGN_STYLE = Automatic;
				CURRENT_PROJECT_VERSION = 1;
				DEVELOPMENT_TEAM = 24RH386RN6;
				GENERATE_INFOPLIST_FILE = YES;
				INFOPLIST_FILE = DogShow/Info.plist;
				INFOPLIST_KEY_CFBundleDisplayName = "Dog Show";
				INFOPLIST_KEY_UIApplicationSupportsIndirectInputEvents = YES;
				INFOPLIST_KEY_UILaunchStoryboardName = LaunchScreen;
				INFOPLIST_KEY_UIMainStoryboardFile = Main;
				INFOPLIST_KEY_UIStatusBarStyle = "";
				INFOPLIST_KEY_UISupportedInterfaceOrientations = UIInterfaceOrientationPortrait;
				INFOPLIST_KEY_UISupportedInterfaceOrientations_iPad = "UIInterfaceOrientationLandscapeLeft UIInterfaceOrientationLandscapeRight UIInterfaceOrientationPortrait UIInterfaceOrientationPortraitUpsideDown";
				IPHONEOS_DEPLOYMENT_TARGET = 15;
				LD_RUNPATH_SEARCH_PATHS = (
					"$(inherited)",
					"@executable_path/Frameworks",
				);
				MARKETING_VERSION = 1.0;
				PRODUCT_BUNDLE_IDENTIFIER = com.pluralsight.DogShow;
				PRODUCT_NAME = "$(TARGET_NAME)";
				SWIFT_EMIT_LOC_STRINGS = YES;
				SWIFT_VERSION = 5.0;
				TARGETED_DEVICE_FAMILY = "1,2";
			};
			name = Release;
		};
		60E2CD6B2C4907D6005AE911 /* Debug */ = {
			isa = XCBuildConfiguration;
			buildSettings = {
				ALWAYS_EMBED_SWIFT_STANDARD_LIBRARIES = YES;
				BUNDLE_LOADER = "$(TEST_HOST)";
				CODE_SIGN_STYLE = Automatic;
				CURRENT_PROJECT_VERSION = 1;
				DEVELOPMENT_TEAM = 24RH386RN6;
				GENERATE_INFOPLIST_FILE = YES;
				IPHONEOS_DEPLOYMENT_TARGET = 17.4;
				MARKETING_VERSION = 1.0;
				PRODUCT_BUNDLE_IDENTIFIER = com.pluralsight.DogShowTests;
				PRODUCT_NAME = "$(TARGET_NAME)";
				SWIFT_EMIT_LOC_STRINGS = NO;
				SWIFT_VERSION = 5.0;
				TARGETED_DEVICE_FAMILY = "1,2";
				TEST_HOST = "$(BUILT_PRODUCTS_DIR)/DogShow.app/$(BUNDLE_EXECUTABLE_FOLDER_PATH)/DogShow";
			};
			name = Debug;
		};
		60E2CD6C2C4907D6005AE911 /* Release */ = {
			isa = XCBuildConfiguration;
			buildSettings = {
				ALWAYS_EMBED_SWIFT_STANDARD_LIBRARIES = YES;
				BUNDLE_LOADER = "$(TEST_HOST)";
				CODE_SIGN_STYLE = Automatic;
				CURRENT_PROJECT_VERSION = 1;
				DEVELOPMENT_TEAM = 24RH386RN6;
				GENERATE_INFOPLIST_FILE = YES;
				IPHONEOS_DEPLOYMENT_TARGET = 17.4;
				MARKETING_VERSION = 1.0;
				PRODUCT_BUNDLE_IDENTIFIER = com.pluralsight.DogShowTests;
				PRODUCT_NAME = "$(TARGET_NAME)";
				SWIFT_EMIT_LOC_STRINGS = NO;
				SWIFT_VERSION = 5.0;
				TARGETED_DEVICE_FAMILY = "1,2";
				TEST_HOST = "$(BUILT_PRODUCTS_DIR)/DogShow.app/$(BUNDLE_EXECUTABLE_FOLDER_PATH)/DogShow";
			};
			name = Release;
		};
		60E2CD6E2C4907D6005AE911 /* Debug */ = {
			isa = XCBuildConfiguration;
			buildSettings = {
				ALWAYS_EMBED_SWIFT_STANDARD_LIBRARIES = YES;
				CODE_SIGN_STYLE = Automatic;
				CURRENT_PROJECT_VERSION = 1;
				DEVELOPMENT_TEAM = 24RH386RN6;
				GENERATE_INFOPLIST_FILE = YES;
				MARKETING_VERSION = 1.0;
				PRODUCT_BUNDLE_IDENTIFIER = com.pluralsight.DogShowUITests;
				PRODUCT_NAME = "$(TARGET_NAME)";
				SWIFT_EMIT_LOC_STRINGS = NO;
				SWIFT_VERSION = 5.0;
				TARGETED_DEVICE_FAMILY = "1,2";
				TEST_TARGET_NAME = DogShow;
			};
			name = Debug;
		};
		60E2CD6F2C4907D6005AE911 /* Release */ = {
			isa = XCBuildConfiguration;
			buildSettings = {
				ALWAYS_EMBED_SWIFT_STANDARD_LIBRARIES = YES;
				CODE_SIGN_STYLE = Automatic;
				CURRENT_PROJECT_VERSION = 1;
				DEVELOPMENT_TEAM = 24RH386RN6;
				GENERATE_INFOPLIST_FILE = YES;
				MARKETING_VERSION = 1.0;
				PRODUCT_BUNDLE_IDENTIFIER = com.pluralsight.DogShowUITests;
				PRODUCT_NAME = "$(TARGET_NAME)";
				SWIFT_EMIT_LOC_STRINGS = NO;
				SWIFT_VERSION = 5.0;
				TARGETED_DEVICE_FAMILY = "1,2";
				TEST_TARGET_NAME = DogShow;
			};
			name = Release;
		};
/* End XCBuildConfiguration section */

/* Begin XCConfigurationList section */
		60E2CD382C4907D4005AE911 /* Build configuration list for PBXProject "DogShow" */ = {
			isa = XCConfigurationList;
			buildConfigurations = (
				60E2CD652C4907D6005AE911 /* Debug */,
				60E2CD662C4907D6005AE911 /* Release */,
			);
			defaultConfigurationIsVisible = 0;
			defaultConfigurationName = Release;
		};
		60E2CD672C4907D6005AE911 /* Build configuration list for PBXNativeTarget "DogShow" */ = {
			isa = XCConfigurationList;
			buildConfigurations = (
				60E2CD682C4907D6005AE911 /* Debug */,
				60E2CD692C4907D6005AE911 /* Release */,
			);
			defaultConfigurationIsVisible = 0;
			defaultConfigurationName = Release;
		};
		60E2CD6A2C4907D6005AE911 /* Build configuration list for PBXNativeTarget "DogShowTests" */ = {
			isa = XCConfigurationList;
			buildConfigurations = (
				60E2CD6B2C4907D6005AE911 /* Debug */,
				60E2CD6C2C4907D6005AE911 /* Release */,
			);
			defaultConfigurationIsVisible = 0;
			defaultConfigurationName = Release;
		};
		60E2CD6D2C4907D6005AE911 /* Build configuration list for PBXNativeTarget "DogShowUITests" */ = {
			isa = XCConfigurationList;
			buildConfigurations = (
				60E2CD6E2C4907D6005AE911 /* Debug */,
				60E2CD6F2C4907D6005AE911 /* Release */,
			);
			defaultConfigurationIsVisible = 0;
			defaultConfigurationName = Release;
		};
/* End XCConfigurationList section */

/* Begin XCRemoteSwiftPackageReference section */
		60E2CD7B2C490B06005AE911 /* XCRemoteSwiftPackageReference "MyDogImagePackageLibrary" */ = {
			isa = XCRemoteSwiftPackageReference;
			repositoryURL = "https://github.com/Sachin-commit/MyDogImagePackageLibrary.git";
			requirement = {
				branch = main;
				kind = branch;
			};
		};
/* End XCRemoteSwiftPackageReference section */

/* Begin XCSwiftPackageProductDependency section */
		60E2CD7C2C490B06005AE911 /* MyDogImageLibrarySPM */ = {
			isa = XCSwiftPackageProductDependency;
			package = 60E2CD7B2C490B06005AE911 /* XCRemoteSwiftPackageReference "MyDogImagePackageLibrary" */;
			productName = MyDogImageLibrarySPM;
		};
/* End XCSwiftPackageProductDependency section */
	};
	rootObject = 60E2CD352C4907D4005AE911 /* Project object */;
}
